
Microsoft Visual Studio Solution File, Format Version 12.00
# Visual Studio Version 16
VisualStudioVersion = 16.0.30114.105
MinimumVisualStudioVersion = 10.0.40219.1
Project("{9A19103F-16F7-4668-BE54-9A1E7A4F7556}") = "API", "API\API.csproj", "{A98C15C7-626C-463C-B0F9-35998389D49C}"
EndProject
Project("{9A19103F-16F7-4668-BE54-9A1E7A4F7556}") = "Service", "Service\Service.csproj", "{69C4B7D7-6984-4FF2-A69A-E2A4ABA3BB34}"
EndProject
Project("{9A19103F-16F7-4668-BE54-9A1E7A4F7556}") = "Persistence", "Persistence\Persistence.csproj", "{E946AA83-37D8-4BFE-801D-259EE4D42072}"
EndProject
Project("{9A19103F-16F7-4668-BE54-9A1E7A4F7556}") = "ViewModel", "ViewModel\ViewModel.csproj", "{D2E8D097-B469-4997-80A8-E099CEEAA7F9}"
EndProject
Project("{9A19103F-16F7-4668-BE54-9A1E7A4F7556}") = "Integration.Tests", "Integration.Tests\Integration.Tests.csproj", "{D2933D9F-2D0E-4CC8-BA07-C1217E8F598D}"
EndProject
Project("{2150E333-8FDC-42A3-9474-1A3956D46DE8}") = "Tests", "Tests", "{53894434-46F1-49B7-92D8-7A71352BE3F3}"
EndProject
Project("{FAE04EC0-301F-11D3-BF4B-00C04F79EFBC}") = "UnitTests", "UnitTests\UnitTests.csproj", "{2F72C085-B298-464C-8476-76825E60F283}"
EndProject
Global
	GlobalSection(SolutionConfigurationPlatforms) = preSolution
		Debug|Any CPU = Debug|Any CPU
		Release|Any CPU = Release|Any CPU
	EndGlobalSection
	GlobalSection(ProjectConfigurationPlatforms) = postSolution
		{A98C15C7-626C-463C-B0F9-35998389D49C}.Debug|Any CPU.ActiveCfg = Debug|Any CPU
		{A98C15C7-626C-463C-B0F9-35998389D49C}.Debug|Any CPU.Build.0 = Debug|Any CPU
		{A98C15C7-626C-463C-B0F9-35998389D49C}.Release|Any CPU.ActiveCfg = Release|Any CPU
		{A98C15C7-626C-463C-B0F9-35998389D49C}.Release|Any CPU.Build.0 = Release|Any CPU
		{69C4B7D7-6984-4FF2-A69A-E2A4ABA3BB34}.Debug|Any CPU.ActiveCfg = Debug|Any CPU
		{69C4B7D7-6984-4FF2-A69A-E2A4ABA3BB34}.Debug|Any CPU.Build.0 = Debug|Any CPU
		{69C4B7D7-6984-4FF2-A69A-E2A4ABA3BB34}.Release|Any CPU.ActiveCfg = Release|Any CPU
		{69C4B7D7-6984-4FF2-A69A-E2A4ABA3BB34}.Release|Any CPU.Build.0 = Release|Any CPU
		{E946AA83-37D8-4BFE-801D-259EE4D42072}.Debug|Any CPU.ActiveCfg = Debug|Any CPU
		{E946AA83-37D8-4BFE-801D-259EE4D42072}.Debug|Any CPU.Build.0 = Debug|Any CPU
		{E946AA83-37D8-4BFE-801D-259EE4D42072}.Release|Any CPU.ActiveCfg = Release|Any CPU
		{E946AA83-37D8-4BFE-801D-259EE4D42072}.Release|Any CPU.Build.0 = Release|Any CPU
		{D2E8D097-B469-4997-80A8-E099CEEAA7F9}.Debug|Any CPU.ActiveCfg = Debug|Any CPU
		{D2E8D097-B469-4997-80A8-E099CEEAA7F9}.Debug|Any CPU.Build.0 = Debug|Any CPU
		{D2E8D097-B469-4997-80A8-E099CEEAA7F9}.Release|Any CPU.ActiveCfg = Release|Any CPU
		{D2E8D097-B469-4997-80A8-E099CEEAA7F9}.Release|Any CPU.Build.0 = Release|Any CPU
		{D2933D9F-2D0E-4CC8-BA07-C1217E8F598D}.Debug|Any CPU.ActiveCfg = Debug|Any CPU
		{D2933D9F-2D0E-4CC8-BA07-C1217E8F598D}.Debug|Any CPU.Build.0 = Debug|Any CPU
		{D2933D9F-2D0E-4CC8-BA07-C1217E8F598D}.Release|Any CPU.ActiveCfg = Release|Any CPU
		{D2933D9F-2D0E-4CC8-BA07-C1217E8F598D}.Release|Any CPU.Build.0 = Release|Any CPU
		{2F72C085-B298-464C-8476-76825E60F283}.Debug|Any CPU.ActiveCfg = Debug|Any CPU
		{2F72C085-B298-464C-8476-76825E60F283}.Debug|Any CPU.Build.0 = Debug|Any CPU
		{2F72C085-B298-464C-8476-76825E60F283}.Release|Any CPU.ActiveCfg = Release|Any CPU
		{2F72C085-B298-464C-8476-76825E60F283}.Release|Any CPU.Build.0 = Release|Any CPU
	EndGlobalSection
	GlobalSection(SolutionProperties) = preSolution
		HideSolutionNode = FALSE
	EndGlobalSection
	GlobalSection(NestedProjects) = preSolution
		{D2933D9F-2D0E-4CC8-BA07-C1217E8F598D} = {53894434-46F1-49B7-92D8-7A71352BE3F3}
		{2F72C085-B298-464C-8476-76825E60F283} = {53894434-46F1-49B7-92D8-7A71352BE3F3}
	EndGlobalSection
	GlobalSection(ExtensibilityGlobals) = postSolution
		SolutionGuid = {33E4C3C8-CFBA-47FA-93EB-89C5C2F560C6}
	EndGlobalSection
EndGlobal
